{
  "name": "rfl-emails",
  "version": "1.0.0",
  "lockfileVersion": 1,
  "requires": true,
  "dependencies": {
    "gmail-send": {
      "version": "1.8.10",
      "resolved": "https://registry.npmjs.org/gmail-send/-/gmail-send-1.8.10.tgz",
      "integrity": "sha512-QMpWwzeA64U69HzOEzI37UNc73xXkhTg8LuqsfKX9W7LjiQY3yRvViVn7ZhuJWLTV4136vsLJf2sXiZKmdykbw==",
      "requires": {
        "lodash": "^4.17.15",
        "nodemailer": "^6.3.0"
      }
    },
    "lodash": {
      "version": "4.17.20",
      "resolved": "https://registry.npmjs.org/lodash/-/lodash-4.17.20.tgz",
      "integrity": "sha512-PlhdFcillOINfeV7Ni6oF1TAEayyZBoZ8bcshTHqOYJYlrqzRK5hagpagky5o4HfCzzd1TRkXPMFq6cKk9rGmA=="
    },
    "nodemailer": {
      "version": "6.4.16",
      "resolved": "https://registry.npmjs.org/nodemailer/-/nodemailer-6.4.16.tgz",
      "integrity": "sha512-68K0LgZ6hmZ7PVmwL78gzNdjpj5viqBdFqKrTtr9bZbJYj6BRj5W6WGkxXrEnUl3Co3CBXi3CZBUlpV/foGnOQ=="
    },
    "semver": {
      "version": "5.7.1",
      "resolved": "https://registry.npmjs.org/semver/-/semver-5.7.1.tgz",
      "integrity": "sha512-sauaDf/PZdVgrLTNYHRtpXa1iRiKcaebiKQ1BJdpQlWH2lCvexQdX55snPFyK7QzpudqbCI0qXFfOasHdyNDGQ=="
    },
    "tiny-async-pool": {
      "version": "1.2.0",
      "resolved": "https://registry.npmjs.org/tiny-async-pool/-/tiny-async-pool-1.2.0.tgz",
      "integrity": "sha512-PY/OiSenYGBU3c1nTuP1HLKRkhKFDXsAibYI5GeHbHw2WVpt6OFzAPIRP94dGnS66Jhrkheim2CHAXUNI4XwMg==",
      "requires": {
        "semver": "^5.5.0",
        "yaassertion": "^1.0.0"
      }
    },
    "yaassertion": {
      "version": "1.0.2",
      "resolved": "https://registry.npmjs.org/yaassertion/-/yaassertion-1.0.2.tgz",
      "integrity": "sha512-sBoJBg5vTr3lOpRX0yFD+tz7wv/l2UPMFthag4HGTMPrypBRKerjjS8jiEnNMjcAEtPXjbHiKE0UwRR1W1GXBg=="
    }
  }
}
